
Microsoft Visual Studio Solution File, Format Version 12.00
# Visual Studio Version 17
VisualStudioVersion = 17.14.36414.22 d17.14
MinimumVisualStudioVersion = 10.0.40219.1
Project("{FAE04EC0-301F-11D3-BF4B-00C04F79EFBC}") = "RedisRespServer", "RedisRespServer\RedisRespServer.csproj", "{895137AC-726C-4B84-9E80-34A1EA6479E9}"
EndProject
Project("{FAE04EC0-301F-11D3-BF4B-00C04F79EFBC}") = "RedisRespServer.Tests", "RedisRespServer.Tests\RedisRespServer.Tests.csproj", "{8A6D9BE9-19AA-45F8-8C75-A34589337312}"
EndProject
Global
	GlobalSection(SolutionConfigurationPlatforms) = preSolution
		Debug|Any CPU = Debug|Any CPU
		Release|Any CPU = Release|Any CPU
	EndGlobalSection
	GlobalSection(ProjectConfigurationPlatforms) = postSolution
		{895137AC-726C-4B84-9E80-34A1EA6479E9}.Debug|Any CPU.ActiveCfg = Debug|Any CPU
		{895137AC-726C-4B84-9E80-34A1EA6479E9}.Debug|Any CPU.Build.0 = Debug|Any CPU
		{895137AC-726C-4B84-9E80-34A1EA6479E9}.Release|Any CPU.ActiveCfg = Release|Any CPU
		{895137AC-726C-4B84-9E80-34A1EA6479E9}.Release|Any CPU.Build.0 = Release|Any CPU
		{8A6D9BE9-19AA-45F8-8C75-A34589337312}.Debug|Any CPU.ActiveCfg = Debug|Any CPU
		{8A6D9BE9-19AA-45F8-8C75-A34589337312}.Debug|Any CPU.Build.0 = Debug|Any CPU
		{8A6D9BE9-19AA-45F8-8C75-A34589337312}.Release|Any CPU.ActiveCfg = Release|Any CPU
		{8A6D9BE9-19AA-45F8-8C75-A34589337312}.Release|Any CPU.Build.0 = Release|Any CPU
	EndGlobalSection
	GlobalSection(SolutionProperties) = preSolution
		HideSolutionNode = FALSE
	EndGlobalSection
	GlobalSection(ExtensibilityGlobals) = postSolution
		SolutionGuid = {7EFDF913-C353-404C-9964-F7B73850E0E2}
	EndGlobalSection
EndGlobal
