
Microsoft Visual Studio Solution File, Format Version 12.00
# Visual Studio Version 17
VisualStudioVersion = 17.14.36414.22
MinimumVisualStudioVersion = 10.0.40219.1
Project("{FAE04EC0-301F-11D3-BF4B-00C04F79EFBC}") = "RedisRespServer", "RedisRespServer\RedisRespServer.csproj", "{895137AC-726C-4B84-9E80-34A1EA6479E9}"
EndProject
Project("{FAE04EC0-301F-11D3-BF4B-00C04F79EFBC}") = "Sample.RedisServer", "Sample.RedisServer\Sample.RedisServer.csproj", "{3E2F068F-4C6B-4682-BBF6-DA2673099BC5}"
EndProject
Project("{FAE04EC0-301F-11D3-BF4B-00C04F79EFBC}") = "Sample.RedisClient", "Sample.RedisClient\Sample.RedisClient.csproj", "{3827161A-A024-4ACF-BAFB-97F168D96C40}"
EndProject
Project("{FAE04EC0-301F-11D3-BF4B-00C04F79EFBC}") = "Test.StackExchangeRedis", "Test.StackExchangeRedis\Test.StackExchangeRedis.csproj", "{25302392-90EA-4993-A5D7-0B7935E64DC1}"
EndProject
Project("{FAE04EC0-301F-11D3-BF4B-00C04F79EFBC}") = "Sample.RedisInterface", "Sample.RedisInterface\Sample.RedisInterface.csproj", "{4B11C9C0-5AE9-46ED-A67D-04E367983DE6}"
EndProject
Project("{FAE04EC0-301F-11D3-BF4B-00C04F79EFBC}") = "Redish.Server", "Redish.Server\Redish.Server.csproj", "{25C963CF-23C5-4CA4-B693-D1019685C014}"
EndProject
Project("{FAE04EC0-301F-11D3-BF4B-00C04F79EFBC}") = "Test.Shared", "Test.Shared\Test.Shared.csproj", "{52C796A0-9C52-48A4-9D9C-5788544D253C}"
EndProject
Project("{FAE04EC0-301F-11D3-BF4B-00C04F79EFBC}") = "Test.Automated", "Test.Automated\Test.Automated.csproj", "{E5975938-B778-4987-A393-45F4E46904AF}"
EndProject
Project("{FAE04EC0-301F-11D3-BF4B-00C04F79EFBC}") = "Test.Xunit", "Test.Xunit\Test.Xunit.csproj", "{A5ACE409-163D-4848-AC4D-01412FD1F8CA}"
EndProject
Project("{FAE04EC0-301F-11D3-BF4B-00C04F79EFBC}") = "Test.Nunit", "Test.Nunit\Test.Nunit.csproj", "{2C42A089-0A3E-44D2-93B8-C75E1AA300D8}"
EndProject
Global
	GlobalSection(SolutionConfigurationPlatforms) = preSolution
		Debug|Any CPU = Debug|Any CPU
		Debug|x64 = Debug|x64
		Debug|x86 = Debug|x86
		Release|Any CPU = Release|Any CPU
		Release|x64 = Release|x64
		Release|x86 = Release|x86
	EndGlobalSection
	GlobalSection(ProjectConfigurationPlatforms) = postSolution
		{895137AC-726C-4B84-9E80-34A1EA6479E9}.Debug|Any CPU.ActiveCfg = Debug|Any CPU
		{895137AC-726C-4B84-9E80-34A1EA6479E9}.Debug|Any CPU.Build.0 = Debug|Any CPU
		{895137AC-726C-4B84-9E80-34A1EA6479E9}.Debug|x64.ActiveCfg = Debug|Any CPU
		{895137AC-726C-4B84-9E80-34A1EA6479E9}.Debug|x64.Build.0 = Debug|Any CPU
		{895137AC-726C-4B84-9E80-34A1EA6479E9}.Debug|x86.ActiveCfg = Debug|Any CPU
		{895137AC-726C-4B84-9E80-34A1EA6479E9}.Debug|x86.Build.0 = Debug|Any CPU
		{895137AC-726C-4B84-9E80-34A1EA6479E9}.Release|Any CPU.ActiveCfg = Release|Any CPU
		{895137AC-726C-4B84-9E80-34A1EA6479E9}.Release|Any CPU.Build.0 = Release|Any CPU
		{895137AC-726C-4B84-9E80-34A1EA6479E9}.Release|x64.ActiveCfg = Release|Any CPU
		{895137AC-726C-4B84-9E80-34A1EA6479E9}.Release|x64.Build.0 = Release|Any CPU
		{895137AC-726C-4B84-9E80-34A1EA6479E9}.Release|x86.ActiveCfg = Release|Any CPU
		{895137AC-726C-4B84-9E80-34A1EA6479E9}.Release|x86.Build.0 = Release|Any CPU
		{3E2F068F-4C6B-4682-BBF6-DA2673099BC5}.Debug|Any CPU.ActiveCfg = Debug|Any CPU
		{3E2F068F-4C6B-4682-BBF6-DA2673099BC5}.Debug|Any CPU.Build.0 = Debug|Any CPU
		{3E2F068F-4C6B-4682-BBF6-DA2673099BC5}.Debug|x64.ActiveCfg = Debug|Any CPU
		{3E2F068F-4C6B-4682-BBF6-DA2673099BC5}.Debug|x64.Build.0 = Debug|Any CPU
		{3E2F068F-4C6B-4682-BBF6-DA2673099BC5}.Debug|x86.ActiveCfg = Debug|Any CPU
		{3E2F068F-4C6B-4682-BBF6-DA2673099BC5}.Debug|x86.Build.0 = Debug|Any CPU
		{3E2F068F-4C6B-4682-BBF6-DA2673099BC5}.Release|Any CPU.ActiveCfg = Release|Any CPU
		{3E2F068F-4C6B-4682-BBF6-DA2673099BC5}.Release|Any CPU.Build.0 = Release|Any CPU
		{3E2F068F-4C6B-4682-BBF6-DA2673099BC5}.Release|x64.ActiveCfg = Release|Any CPU
		{3E2F068F-4C6B-4682-BBF6-DA2673099BC5}.Release|x64.Build.0 = Release|Any CPU
		{3E2F068F-4C6B-4682-BBF6-DA2673099BC5}.Release|x86.ActiveCfg = Release|Any CPU
		{3E2F068F-4C6B-4682-BBF6-DA2673099BC5}.Release|x86.Build.0 = Release|Any CPU
		{3827161A-A024-4ACF-BAFB-97F168D96C40}.Debug|Any CPU.ActiveCfg = Debug|Any CPU
		{3827161A-A024-4ACF-BAFB-97F168D96C40}.Debug|Any CPU.Build.0 = Debug|Any CPU
		{3827161A-A024-4ACF-BAFB-97F168D96C40}.Debug|x64.ActiveCfg = Debug|Any CPU
		{3827161A-A024-4ACF-BAFB-97F168D96C40}.Debug|x64.Build.0 = Debug|Any CPU
		{3827161A-A024-4ACF-BAFB-97F168D96C40}.Debug|x86.ActiveCfg = Debug|Any CPU
		{3827161A-A024-4ACF-BAFB-97F168D96C40}.Debug|x86.Build.0 = Debug|Any CPU
		{3827161A-A024-4ACF-BAFB-97F168D96C40}.Release|Any CPU.ActiveCfg = Release|Any CPU
		{3827161A-A024-4ACF-BAFB-97F168D96C40}.Release|Any CPU.Build.0 = Release|Any CPU
		{3827161A-A024-4ACF-BAFB-97F168D96C40}.Release|x64.ActiveCfg = Release|Any CPU
		{3827161A-A024-4ACF-BAFB-97F168D96C40}.Release|x64.Build.0 = Release|Any CPU
		{3827161A-A024-4ACF-BAFB-97F168D96C40}.Release|x86.ActiveCfg = Release|Any CPU
		{3827161A-A024-4ACF-BAFB-97F168D96C40}.Release|x86.Build.0 = Release|Any CPU
		{25302392-90EA-4993-A5D7-0B7935E64DC1}.Debug|Any CPU.ActiveCfg = Debug|Any CPU
		{25302392-90EA-4993-A5D7-0B7935E64DC1}.Debug|Any CPU.Build.0 = Debug|Any CPU
		{25302392-90EA-4993-A5D7-0B7935E64DC1}.Debug|x64.ActiveCfg = Debug|Any CPU
		{25302392-90EA-4993-A5D7-0B7935E64DC1}.Debug|x64.Build.0 = Debug|Any CPU
		{25302392-90EA-4993-A5D7-0B7935E64DC1}.Debug|x86.ActiveCfg = Debug|Any CPU
		{25302392-90EA-4993-A5D7-0B7935E64DC1}.Debug|x86.Build.0 = Debug|Any CPU
		{25302392-90EA-4993-A5D7-0B7935E64DC1}.Release|Any CPU.ActiveCfg = Release|Any CPU
		{25302392-90EA-4993-A5D7-0B7935E64DC1}.Release|Any CPU.Build.0 = Release|Any CPU
		{25302392-90EA-4993-A5D7-0B7935E64DC1}.Release|x64.ActiveCfg = Release|Any CPU
		{25302392-90EA-4993-A5D7-0B7935E64DC1}.Release|x64.Build.0 = Release|Any CPU
		{25302392-90EA-4993-A5D7-0B7935E64DC1}.Release|x86.ActiveCfg = Release|Any CPU
		{25302392-90EA-4993-A5D7-0B7935E64DC1}.Release|x86.Build.0 = Release|Any CPU
		{4B11C9C0-5AE9-46ED-A67D-04E367983DE6}.Debug|Any CPU.ActiveCfg = Debug|Any CPU
		{4B11C9C0-5AE9-46ED-A67D-04E367983DE6}.Debug|Any CPU.Build.0 = Debug|Any CPU
		{4B11C9C0-5AE9-46ED-A67D-04E367983DE6}.Debug|x64.ActiveCfg = Debug|Any CPU
		{4B11C9C0-5AE9-46ED-A67D-04E367983DE6}.Debug|x64.Build.0 = Debug|Any CPU
		{4B11C9C0-5AE9-46ED-A67D-04E367983DE6}.Debug|x86.ActiveCfg = Debug|Any CPU
		{4B11C9C0-5AE9-46ED-A67D-04E367983DE6}.Debug|x86.Build.0 = Debug|Any CPU
		{4B11C9C0-5AE9-46ED-A67D-04E367983DE6}.Release|Any CPU.ActiveCfg = Release|Any CPU
		{4B11C9C0-5AE9-46ED-A67D-04E367983DE6}.Release|Any CPU.Build.0 = Release|Any CPU
		{4B11C9C0-5AE9-46ED-A67D-04E367983DE6}.Release|x64.ActiveCfg = Release|Any CPU
		{4B11C9C0-5AE9-46ED-A67D-04E367983DE6}.Release|x64.Build.0 = Release|Any CPU
		{4B11C9C0-5AE9-46ED-A67D-04E367983DE6}.Release|x86.ActiveCfg = Release|Any CPU
		{4B11C9C0-5AE9-46ED-A67D-04E367983DE6}.Release|x86.Build.0 = Release|Any CPU
		{25C963CF-23C5-4CA4-B693-D1019685C014}.Debug|Any CPU.ActiveCfg = Debug|Any CPU
		{25C963CF-23C5-4CA4-B693-D1019685C014}.Debug|Any CPU.Build.0 = Debug|Any CPU
		{25C963CF-23C5-4CA4-B693-D1019685C014}.Debug|x64.ActiveCfg = Debug|Any CPU
		{25C963CF-23C5-4CA4-B693-D1019685C014}.Debug|x64.Build.0 = Debug|Any CPU
		{25C963CF-23C5-4CA4-B693-D1019685C014}.Debug|x86.ActiveCfg = Debug|Any CPU
		{25C963CF-23C5-4CA4-B693-D1019685C014}.Debug|x86.Build.0 = Debug|Any CPU
		{25C963CF-23C5-4CA4-B693-D1019685C014}.Release|Any CPU.ActiveCfg = Release|Any CPU
		{25C963CF-23C5-4CA4-B693-D1019685C014}.Release|Any CPU.Build.0 = Release|Any CPU
		{25C963CF-23C5-4CA4-B693-D1019685C014}.Release|x64.ActiveCfg = Release|Any CPU
		{25C963CF-23C5-4CA4-B693-D1019685C014}.Release|x64.Build.0 = Release|Any CPU
		{25C963CF-23C5-4CA4-B693-D1019685C014}.Release|x86.ActiveCfg = Release|Any CPU
		{25C963CF-23C5-4CA4-B693-D1019685C014}.Release|x86.Build.0 = Release|Any CPU
		{52C796A0-9C52-48A4-9D9C-5788544D253C}.Debug|Any CPU.ActiveCfg = Debug|Any CPU
		{52C796A0-9C52-48A4-9D9C-5788544D253C}.Debug|Any CPU.Build.0 = Debug|Any CPU
		{52C796A0-9C52-48A4-9D9C-5788544D253C}.Debug|x64.ActiveCfg = Debug|Any CPU
		{52C796A0-9C52-48A4-9D9C-5788544D253C}.Debug|x64.Build.0 = Debug|Any CPU
		{52C796A0-9C52-48A4-9D9C-5788544D253C}.Debug|x86.ActiveCfg = Debug|Any CPU
		{52C796A0-9C52-48A4-9D9C-5788544D253C}.Debug|x86.Build.0 = Debug|Any CPU
		{52C796A0-9C52-48A4-9D9C-5788544D253C}.Release|Any CPU.ActiveCfg = Release|Any CPU
		{52C796A0-9C52-48A4-9D9C-5788544D253C}.Release|Any CPU.Build.0 = Release|Any CPU
		{52C796A0-9C52-48A4-9D9C-5788544D253C}.Release|x64.ActiveCfg = Release|Any CPU
		{52C796A0-9C52-48A4-9D9C-5788544D253C}.Release|x64.Build.0 = Release|Any CPU
		{52C796A0-9C52-48A4-9D9C-5788544D253C}.Release|x86.ActiveCfg = Release|Any CPU
		{52C796A0-9C52-48A4-9D9C-5788544D253C}.Release|x86.Build.0 = Release|Any CPU
		{E5975938-B778-4987-A393-45F4E46904AF}.Debug|Any CPU.ActiveCfg = Debug|Any CPU
		{E5975938-B778-4987-A393-45F4E46904AF}.Debug|Any CPU.Build.0 = Debug|Any CPU
		{E5975938-B778-4987-A393-45F4E46904AF}.Debug|x64.ActiveCfg = Debug|Any CPU
		{E5975938-B778-4987-A393-45F4E46904AF}.Debug|x64.Build.0 = Debug|Any CPU
		{E5975938-B778-4987-A393-45F4E46904AF}.Debug|x86.ActiveCfg = Debug|Any CPU
		{E5975938-B778-4987-A393-45F4E46904AF}.Debug|x86.Build.0 = Debug|Any CPU
		{E5975938-B778-4987-A393-45F4E46904AF}.Release|Any CPU.ActiveCfg = Release|Any CPU
		{E5975938-B778-4987-A393-45F4E46904AF}.Release|Any CPU.Build.0 = Release|Any CPU
		{E5975938-B778-4987-A393-45F4E46904AF}.Release|x64.ActiveCfg = Release|Any CPU
		{E5975938-B778-4987-A393-45F4E46904AF}.Release|x64.Build.0 = Release|Any CPU
		{E5975938-B778-4987-A393-45F4E46904AF}.Release|x86.ActiveCfg = Release|Any CPU
		{E5975938-B778-4987-A393-45F4E46904AF}.Release|x86.Build.0 = Release|Any CPU
		{A5ACE409-163D-4848-AC4D-01412FD1F8CA}.Debug|Any CPU.ActiveCfg = Debug|Any CPU
		{A5ACE409-163D-4848-AC4D-01412FD1F8CA}.Debug|Any CPU.Build.0 = Debug|Any CPU
		{A5ACE409-163D-4848-AC4D-01412FD1F8CA}.Debug|x64.ActiveCfg = Debug|Any CPU
		{A5ACE409-163D-4848-AC4D-01412FD1F8CA}.Debug|x64.Build.0 = Debug|Any CPU
		{A5ACE409-163D-4848-AC4D-01412FD1F8CA}.Debug|x86.ActiveCfg = Debug|Any CPU
		{A5ACE409-163D-4848-AC4D-01412FD1F8CA}.Debug|x86.Build.0 = Debug|Any CPU
		{A5ACE409-163D-4848-AC4D-01412FD1F8CA}.Release|Any CPU.ActiveCfg = Release|Any CPU
		{A5ACE409-163D-4848-AC4D-01412FD1F8CA}.Release|Any CPU.Build.0 = Release|Any CPU
		{A5ACE409-163D-4848-AC4D-01412FD1F8CA}.Release|x64.ActiveCfg = Release|Any CPU
		{A5ACE409-163D-4848-AC4D-01412FD1F8CA}.Release|x64.Build.0 = Release|Any CPU
		{A5ACE409-163D-4848-AC4D-01412FD1F8CA}.Release|x86.ActiveCfg = Release|Any CPU
		{A5ACE409-163D-4848-AC4D-01412FD1F8CA}.Release|x86.Build.0 = Release|Any CPU
		{2C42A089-0A3E-44D2-93B8-C75E1AA300D8}.Debug|Any CPU.ActiveCfg = Debug|Any CPU
		{2C42A089-0A3E-44D2-93B8-C75E1AA300D8}.Debug|Any CPU.Build.0 = Debug|Any CPU
		{2C42A089-0A3E-44D2-93B8-C75E1AA300D8}.Debug|x64.ActiveCfg = Debug|Any CPU
		{2C42A089-0A3E-44D2-93B8-C75E1AA300D8}.Debug|x64.Build.0 = Debug|Any CPU
		{2C42A089-0A3E-44D2-93B8-C75E1AA300D8}.Debug|x86.ActiveCfg = Debug|Any CPU
		{2C42A089-0A3E-44D2-93B8-C75E1AA300D8}.Debug|x86.Build.0 = Debug|Any CPU
		{2C42A089-0A3E-44D2-93B8-C75E1AA300D8}.Release|Any CPU.ActiveCfg = Release|Any CPU
		{2C42A089-0A3E-44D2-93B8-C75E1AA300D8}.Release|Any CPU.Build.0 = Release|Any CPU
		{2C42A089-0A3E-44D2-93B8-C75E1AA300D8}.Release|x64.ActiveCfg = Release|Any CPU
		{2C42A089-0A3E-44D2-93B8-C75E1AA300D8}.Release|x64.Build.0 = Release|Any CPU
		{2C42A089-0A3E-44D2-93B8-C75E1AA300D8}.Release|x86.ActiveCfg = Release|Any CPU
		{2C42A089-0A3E-44D2-93B8-C75E1AA300D8}.Release|x86.Build.0 = Release|Any CPU
	EndGlobalSection
	GlobalSection(SolutionProperties) = preSolution
		HideSolutionNode = FALSE
	EndGlobalSection
	GlobalSection(ExtensibilityGlobals) = postSolution
		SolutionGuid = {7EFDF913-C353-404C-9964-F7B73850E0E2}
	EndGlobalSection
EndGlobal
